
Microsoft Visual Studio Solution File, Format Version 12.00
# Visual Studio Version 16
VisualStudioVersion = 16.0.30804.86
MinimumVisualStudioVersion = 15.0.26124.0
Project("{9A19103F-16F7-4668-BE54-9A1E7A4F7556}") = "t1", "t1\t1.csproj", "{6A3C4D20-7AE0-4B10-8561-BAE817671B5B}"
EndProject
Project("{9A19103F-16F7-4668-BE54-9A1E7A4F7556}") = "t2", "t2\t2.csproj", "{6EDB0CC3-4A94-419B-8F3D-565452A8DA41}"
EndProject
Project("{9A19103F-16F7-4668-BE54-9A1E7A4F7556}") = "t3", "t3\t3.csproj", "{8B40ACF5-A4F6-4E5C-A3A7-D8F128B41175}"
EndProject
Project("{9A19103F-16F7-4668-BE54-9A1E7A4F7556}") = "SignalRChat", "SignalRChat\SignalRChat.csproj", "{C27273D2-B0F9-48DD-9DCD-90CF2BA03FDC}"
EndProject
Project("{9A19103F-16F7-4668-BE54-9A1E7A4F7556}") = "EFGetStarted", "EFGetStarted\EFGetStarted.csproj", "{A9CABF93-724C-4A51-BA32-462BD19D8A58}"
EndProject
Project("{9A19103F-16F7-4668-BE54-9A1E7A4F7556}") = "t5", "t5\t5.csproj", "{97602207-D2DB-4468-93C6-9E09A5DF0D70}"
EndProject
Project("{9A19103F-16F7-4668-BE54-9A1E7A4F7556}") = "t6", "t6\t6.csproj", "{13E4D5C9-CEF5-40AC-AF80-465959526D19}"
EndProject
Project("{9A19103F-16F7-4668-BE54-9A1E7A4F7556}") = "Send", "Send\Send.csproj", "{E861241A-08B6-4CD9-854E-1DC01B3AF40A}"
EndProject
Project("{9A19103F-16F7-4668-BE54-9A1E7A4F7556}") = "Receive", "Receive\Receive.csproj", "{07293212-34B9-44B5-A8F3-4DACD3D35B52}"
EndProject
Project("{9A19103F-16F7-4668-BE54-9A1E7A4F7556}") = "SendRegisterCodeSMS", "SendRegisterCodeSMS\SendRegisterCodeSMS.csproj", "{D3A4D1CA-C748-4622-8717-1F9D571A51D6}"
EndProject
Project("{9A19103F-16F7-4668-BE54-9A1E7A4F7556}") = "RedisTest", "RedisTest\RedisTest.csproj", "{9DA6D36F-2B8D-43F8-8B7C-3E59023556B1}"
EndProject
Project("{9A19103F-16F7-4668-BE54-9A1E7A4F7556}") = "t7", "t7\t7.csproj", "{ABB60AE5-76D5-4B3B-B9B0-97AAAEEEB2B5}"
EndProject
Project("{2150E333-8FDC-42A3-9474-1A3956D46DE8}") = "Solution Items", "Solution Items", "{8C073FAC-5A57-4427-9F1E-E582707D34D9}"
	ProjectSection(SolutionItems) = preProject
		.filenesting.json = .filenesting.json
	EndProjectSection
EndProject
Project("{9A19103F-16F7-4668-BE54-9A1E7A4F7556}") = "Autofac-t1", "Autofac-t1\Autofac-t1.csproj", "{B81EE1F8-16DE-4D6F-93F4-7EDCA42534D5}"
EndProject
Project("{9A19103F-16F7-4668-BE54-9A1E7A4F7556}") = "DrawApi", "DrawApi\DrawApi.csproj", "{AC2619C7-54AF-42F9-9850-D10F1BA33DAC}"
	ProjectSection(ProjectDependencies) = postProject
		{60C86E69-A200-4513-994B-790E87C86293} = {60C86E69-A200-4513-994B-790E87C86293}
	EndProjectSection
EndProject
Project("{9A19103F-16F7-4668-BE54-9A1E7A4F7556}") = "Common", "Common\Common\Common.csproj", "{60C86E69-A200-4513-994B-790E87C86293}"
EndProject
Project("{9A19103F-16F7-4668-BE54-9A1E7A4F7556}") = "Settings", "Settings\Settings.csproj", "{03FFBD86-56E0-4EE0-AF68-2E5835E09C7D}"
EndProject
Project("{9A19103F-16F7-4668-BE54-9A1E7A4F7556}") = "UriTest", "UriTest\UriTest.csproj", "{A2ECB74F-92A7-4FF9-99EC-9F944A1C9972}"
EndProject
Project("{9A19103F-16F7-4668-BE54-9A1E7A4F7556}") = "ReadFile", "ReadFile\ReadFile.csproj", "{940B6B00-6454-48EB-B116-C43BE8913762}"
EndProject
Project("{FAE04EC0-301F-11D3-BF4B-00C04F79EFBC}") = "FrontendAPI", "FrontendAPI\FrontendAPI.csproj", "{2DAB1AF9-066B-4C10-BA19-4B8046BE92EF}"
EndProject
Global
	GlobalSection(SolutionConfigurationPlatforms) = preSolution
		Debug|Any CPU = Debug|Any CPU
		Debug|x64 = Debug|x64
		Debug|x86 = Debug|x86
		Release|Any CPU = Release|Any CPU
		Release|x64 = Release|x64
		Release|x86 = Release|x86
	EndGlobalSection
	GlobalSection(ProjectConfigurationPlatforms) = postSolution
		{6A3C4D20-7AE0-4B10-8561-BAE817671B5B}.Debug|Any CPU.ActiveCfg = Debug|Any CPU
		{6A3C4D20-7AE0-4B10-8561-BAE817671B5B}.Debug|Any CPU.Build.0 = Debug|Any CPU
		{6A3C4D20-7AE0-4B10-8561-BAE817671B5B}.Debug|x64.ActiveCfg = Debug|Any CPU
		{6A3C4D20-7AE0-4B10-8561-BAE817671B5B}.Debug|x64.Build.0 = Debug|Any CPU
		{6A3C4D20-7AE0-4B10-8561-BAE817671B5B}.Debug|x86.ActiveCfg = Debug|Any CPU
		{6A3C4D20-7AE0-4B10-8561-BAE817671B5B}.Debug|x86.Build.0 = Debug|Any CPU
		{6A3C4D20-7AE0-4B10-8561-BAE817671B5B}.Release|Any CPU.ActiveCfg = Release|Any CPU
		{6A3C4D20-7AE0-4B10-8561-BAE817671B5B}.Release|Any CPU.Build.0 = Release|Any CPU
		{6A3C4D20-7AE0-4B10-8561-BAE817671B5B}.Release|x64.ActiveCfg = Release|Any CPU
		{6A3C4D20-7AE0-4B10-8561-BAE817671B5B}.Release|x64.Build.0 = Release|Any CPU
		{6A3C4D20-7AE0-4B10-8561-BAE817671B5B}.Release|x86.ActiveCfg = Release|Any CPU
		{6A3C4D20-7AE0-4B10-8561-BAE817671B5B}.Release|x86.Build.0 = Release|Any CPU
		{6EDB0CC3-4A94-419B-8F3D-565452A8DA41}.Debug|Any CPU.ActiveCfg = Debug|Any CPU
		{6EDB0CC3-4A94-419B-8F3D-565452A8DA41}.Debug|Any CPU.Build.0 = Debug|Any CPU
		{6EDB0CC3-4A94-419B-8F3D-565452A8DA41}.Debug|x64.ActiveCfg = Debug|Any CPU
		{6EDB0CC3-4A94-419B-8F3D-565452A8DA41}.Debug|x64.Build.0 = Debug|Any CPU
		{6EDB0CC3-4A94-419B-8F3D-565452A8DA41}.Debug|x86.ActiveCfg = Debug|Any CPU
		{6EDB0CC3-4A94-419B-8F3D-565452A8DA41}.Debug|x86.Build.0 = Debug|Any CPU
		{6EDB0CC3-4A94-419B-8F3D-565452A8DA41}.Release|Any CPU.ActiveCfg = Release|Any CPU
		{6EDB0CC3-4A94-419B-8F3D-565452A8DA41}.Release|Any CPU.Build.0 = Release|Any CPU
		{6EDB0CC3-4A94-419B-8F3D-565452A8DA41}.Release|x64.ActiveCfg = Release|Any CPU
		{6EDB0CC3-4A94-419B-8F3D-565452A8DA41}.Release|x64.Build.0 = Release|Any CPU
		{6EDB0CC3-4A94-419B-8F3D-565452A8DA41}.Release|x86.ActiveCfg = Release|Any CPU
		{6EDB0CC3-4A94-419B-8F3D-565452A8DA41}.Release|x86.Build.0 = Release|Any CPU
		{8B40ACF5-A4F6-4E5C-A3A7-D8F128B41175}.Debug|Any CPU.ActiveCfg = Debug|Any CPU
		{8B40ACF5-A4F6-4E5C-A3A7-D8F128B41175}.Debug|Any CPU.Build.0 = Debug|Any CPU
		{8B40ACF5-A4F6-4E5C-A3A7-D8F128B41175}.Debug|x64.ActiveCfg = Debug|Any CPU
		{8B40ACF5-A4F6-4E5C-A3A7-D8F128B41175}.Debug|x64.Build.0 = Debug|Any CPU
		{8B40ACF5-A4F6-4E5C-A3A7-D8F128B41175}.Debug|x86.ActiveCfg = Debug|Any CPU
		{8B40ACF5-A4F6-4E5C-A3A7-D8F128B41175}.Debug|x86.Build.0 = Debug|Any CPU
		{8B40ACF5-A4F6-4E5C-A3A7-D8F128B41175}.Release|Any CPU.ActiveCfg = Release|Any CPU
		{8B40ACF5-A4F6-4E5C-A3A7-D8F128B41175}.Release|Any CPU.Build.0 = Release|Any CPU
		{8B40ACF5-A4F6-4E5C-A3A7-D8F128B41175}.Release|x64.ActiveCfg = Release|Any CPU
		{8B40ACF5-A4F6-4E5C-A3A7-D8F128B41175}.Release|x64.Build.0 = Release|Any CPU
		{8B40ACF5-A4F6-4E5C-A3A7-D8F128B41175}.Release|x86.ActiveCfg = Release|Any CPU
		{8B40ACF5-A4F6-4E5C-A3A7-D8F128B41175}.Release|x86.Build.0 = Release|Any CPU
		{C27273D2-B0F9-48DD-9DCD-90CF2BA03FDC}.Debug|Any CPU.ActiveCfg = Debug|Any CPU
		{C27273D2-B0F9-48DD-9DCD-90CF2BA03FDC}.Debug|Any CPU.Build.0 = Debug|Any CPU
		{C27273D2-B0F9-48DD-9DCD-90CF2BA03FDC}.Debug|x64.ActiveCfg = Debug|Any CPU
		{C27273D2-B0F9-48DD-9DCD-90CF2BA03FDC}.Debug|x64.Build.0 = Debug|Any CPU
		{C27273D2-B0F9-48DD-9DCD-90CF2BA03FDC}.Debug|x86.ActiveCfg = Debug|Any CPU
		{C27273D2-B0F9-48DD-9DCD-90CF2BA03FDC}.Debug|x86.Build.0 = Debug|Any CPU
		{C27273D2-B0F9-48DD-9DCD-90CF2BA03FDC}.Release|Any CPU.ActiveCfg = Release|Any CPU
		{C27273D2-B0F9-48DD-9DCD-90CF2BA03FDC}.Release|Any CPU.Build.0 = Release|Any CPU
		{C27273D2-B0F9-48DD-9DCD-90CF2BA03FDC}.Release|x64.ActiveCfg = Release|Any CPU
		{C27273D2-B0F9-48DD-9DCD-90CF2BA03FDC}.Release|x64.Build.0 = Release|Any CPU
		{C27273D2-B0F9-48DD-9DCD-90CF2BA03FDC}.Release|x86.ActiveCfg = Release|Any CPU
		{C27273D2-B0F9-48DD-9DCD-90CF2BA03FDC}.Release|x86.Build.0 = Release|Any CPU
		{A9CABF93-724C-4A51-BA32-462BD19D8A58}.Debug|Any CPU.ActiveCfg = Debug|Any CPU
		{A9CABF93-724C-4A51-BA32-462BD19D8A58}.Debug|Any CPU.Build.0 = Debug|Any CPU
		{A9CABF93-724C-4A51-BA32-462BD19D8A58}.Debug|x64.ActiveCfg = Debug|Any CPU
		{A9CABF93-724C-4A51-BA32-462BD19D8A58}.Debug|x64.Build.0 = Debug|Any CPU
		{A9CABF93-724C-4A51-BA32-462BD19D8A58}.Debug|x86.ActiveCfg = Debug|Any CPU
		{A9CABF93-724C-4A51-BA32-462BD19D8A58}.Debug|x86.Build.0 = Debug|Any CPU
		{A9CABF93-724C-4A51-BA32-462BD19D8A58}.Release|Any CPU.ActiveCfg = Release|Any CPU
		{A9CABF93-724C-4A51-BA32-462BD19D8A58}.Release|Any CPU.Build.0 = Release|Any CPU
		{A9CABF93-724C-4A51-BA32-462BD19D8A58}.Release|x64.ActiveCfg = Release|Any CPU
		{A9CABF93-724C-4A51-BA32-462BD19D8A58}.Release|x64.Build.0 = Release|Any CPU
		{A9CABF93-724C-4A51-BA32-462BD19D8A58}.Release|x86.ActiveCfg = Release|Any CPU
		{A9CABF93-724C-4A51-BA32-462BD19D8A58}.Release|x86.Build.0 = Release|Any CPU
		{97602207-D2DB-4468-93C6-9E09A5DF0D70}.Debug|Any CPU.ActiveCfg = Debug|Any CPU
		{97602207-D2DB-4468-93C6-9E09A5DF0D70}.Debug|Any CPU.Build.0 = Debug|Any CPU
		{97602207-D2DB-4468-93C6-9E09A5DF0D70}.Debug|x64.ActiveCfg = Debug|Any CPU
		{97602207-D2DB-4468-93C6-9E09A5DF0D70}.Debug|x64.Build.0 = Debug|Any CPU
		{97602207-D2DB-4468-93C6-9E09A5DF0D70}.Debug|x86.ActiveCfg = Debug|Any CPU
		{97602207-D2DB-4468-93C6-9E09A5DF0D70}.Debug|x86.Build.0 = Debug|Any CPU
		{97602207-D2DB-4468-93C6-9E09A5DF0D70}.Release|Any CPU.ActiveCfg = Release|Any CPU
		{97602207-D2DB-4468-93C6-9E09A5DF0D70}.Release|Any CPU.Build.0 = Release|Any CPU
		{97602207-D2DB-4468-93C6-9E09A5DF0D70}.Release|x64.ActiveCfg = Release|Any CPU
		{97602207-D2DB-4468-93C6-9E09A5DF0D70}.Release|x64.Build.0 = Release|Any CPU
		{97602207-D2DB-4468-93C6-9E09A5DF0D70}.Release|x86.ActiveCfg = Release|Any CPU
		{97602207-D2DB-4468-93C6-9E09A5DF0D70}.Release|x86.Build.0 = Release|Any CPU
		{13E4D5C9-CEF5-40AC-AF80-465959526D19}.Debug|Any CPU.ActiveCfg = Debug|Any CPU
		{13E4D5C9-CEF5-40AC-AF80-465959526D19}.Debug|Any CPU.Build.0 = Debug|Any CPU
		{13E4D5C9-CEF5-40AC-AF80-465959526D19}.Debug|x64.ActiveCfg = Debug|Any CPU
		{13E4D5C9-CEF5-40AC-AF80-465959526D19}.Debug|x64.Build.0 = Debug|Any CPU
		{13E4D5C9-CEF5-40AC-AF80-465959526D19}.Debug|x86.ActiveCfg = Debug|Any CPU
		{13E4D5C9-CEF5-40AC-AF80-465959526D19}.Debug|x86.Build.0 = Debug|Any CPU
		{13E4D5C9-CEF5-40AC-AF80-465959526D19}.Release|Any CPU.ActiveCfg = Release|Any CPU
		{13E4D5C9-CEF5-40AC-AF80-465959526D19}.Release|Any CPU.Build.0 = Release|Any CPU
		{13E4D5C9-CEF5-40AC-AF80-465959526D19}.Release|x64.ActiveCfg = Release|Any CPU
		{13E4D5C9-CEF5-40AC-AF80-465959526D19}.Release|x64.Build.0 = Release|Any CPU
		{13E4D5C9-CEF5-40AC-AF80-465959526D19}.Release|x86.ActiveCfg = Release|Any CPU
		{13E4D5C9-CEF5-40AC-AF80-465959526D19}.Release|x86.Build.0 = Release|Any CPU
		{E861241A-08B6-4CD9-854E-1DC01B3AF40A}.Debug|Any CPU.ActiveCfg = Debug|Any CPU
		{E861241A-08B6-4CD9-854E-1DC01B3AF40A}.Debug|Any CPU.Build.0 = Debug|Any CPU
		{E861241A-08B6-4CD9-854E-1DC01B3AF40A}.Debug|x64.ActiveCfg = Debug|Any CPU
		{E861241A-08B6-4CD9-854E-1DC01B3AF40A}.Debug|x64.Build.0 = Debug|Any CPU
		{E861241A-08B6-4CD9-854E-1DC01B3AF40A}.Debug|x86.ActiveCfg = Debug|Any CPU
		{E861241A-08B6-4CD9-854E-1DC01B3AF40A}.Debug|x86.Build.0 = Debug|Any CPU
		{E861241A-08B6-4CD9-854E-1DC01B3AF40A}.Release|Any CPU.ActiveCfg = Release|Any CPU
		{E861241A-08B6-4CD9-854E-1DC01B3AF40A}.Release|Any CPU.Build.0 = Release|Any CPU
		{E861241A-08B6-4CD9-854E-1DC01B3AF40A}.Release|x64.ActiveCfg = Release|Any CPU
		{E861241A-08B6-4CD9-854E-1DC01B3AF40A}.Release|x64.Build.0 = Release|Any CPU
		{E861241A-08B6-4CD9-854E-1DC01B3AF40A}.Release|x86.ActiveCfg = Release|Any CPU
		{E861241A-08B6-4CD9-854E-1DC01B3AF40A}.Release|x86.Build.0 = Release|Any CPU
		{07293212-34B9-44B5-A8F3-4DACD3D35B52}.Debug|Any CPU.ActiveCfg = Debug|Any CPU
		{07293212-34B9-44B5-A8F3-4DACD3D35B52}.Debug|Any CPU.Build.0 = Debug|Any CPU
		{07293212-34B9-44B5-A8F3-4DACD3D35B52}.Debug|x64.ActiveCfg = Debug|Any CPU
		{07293212-34B9-44B5-A8F3-4DACD3D35B52}.Debug|x64.Build.0 = Debug|Any CPU
		{07293212-34B9-44B5-A8F3-4DACD3D35B52}.Debug|x86.ActiveCfg = Debug|Any CPU
		{07293212-34B9-44B5-A8F3-4DACD3D35B52}.Debug|x86.Build.0 = Debug|Any CPU
		{07293212-34B9-44B5-A8F3-4DACD3D35B52}.Release|Any CPU.ActiveCfg = Release|Any CPU
		{07293212-34B9-44B5-A8F3-4DACD3D35B52}.Release|Any CPU.Build.0 = Release|Any CPU
		{07293212-34B9-44B5-A8F3-4DACD3D35B52}.Release|x64.ActiveCfg = Release|Any CPU
		{07293212-34B9-44B5-A8F3-4DACD3D35B52}.Release|x64.Build.0 = Release|Any CPU
		{07293212-34B9-44B5-A8F3-4DACD3D35B52}.Release|x86.ActiveCfg = Release|Any CPU
		{07293212-34B9-44B5-A8F3-4DACD3D35B52}.Release|x86.Build.0 = Release|Any CPU
		{D3A4D1CA-C748-4622-8717-1F9D571A51D6}.Debug|Any CPU.ActiveCfg = Debug|Any CPU
		{D3A4D1CA-C748-4622-8717-1F9D571A51D6}.Debug|Any CPU.Build.0 = Debug|Any CPU
		{D3A4D1CA-C748-4622-8717-1F9D571A51D6}.Debug|x64.ActiveCfg = Debug|Any CPU
		{D3A4D1CA-C748-4622-8717-1F9D571A51D6}.Debug|x64.Build.0 = Debug|Any CPU
		{D3A4D1CA-C748-4622-8717-1F9D571A51D6}.Debug|x86.ActiveCfg = Debug|Any CPU
		{D3A4D1CA-C748-4622-8717-1F9D571A51D6}.Debug|x86.Build.0 = Debug|Any CPU
		{D3A4D1CA-C748-4622-8717-1F9D571A51D6}.Release|Any CPU.ActiveCfg = Release|Any CPU
		{D3A4D1CA-C748-4622-8717-1F9D571A51D6}.Release|Any CPU.Build.0 = Release|Any CPU
		{D3A4D1CA-C748-4622-8717-1F9D571A51D6}.Release|x64.ActiveCfg = Release|Any CPU
		{D3A4D1CA-C748-4622-8717-1F9D571A51D6}.Release|x64.Build.0 = Release|Any CPU
		{D3A4D1CA-C748-4622-8717-1F9D571A51D6}.Release|x86.ActiveCfg = Release|Any CPU
		{D3A4D1CA-C748-4622-8717-1F9D571A51D6}.Release|x86.Build.0 = Release|Any CPU
		{9DA6D36F-2B8D-43F8-8B7C-3E59023556B1}.Debug|Any CPU.ActiveCfg = Debug|Any CPU
		{9DA6D36F-2B8D-43F8-8B7C-3E59023556B1}.Debug|Any CPU.Build.0 = Debug|Any CPU
		{9DA6D36F-2B8D-43F8-8B7C-3E59023556B1}.Debug|x64.ActiveCfg = Debug|Any CPU
		{9DA6D36F-2B8D-43F8-8B7C-3E59023556B1}.Debug|x64.Build.0 = Debug|Any CPU
		{9DA6D36F-2B8D-43F8-8B7C-3E59023556B1}.Debug|x86.ActiveCfg = Debug|Any CPU
		{9DA6D36F-2B8D-43F8-8B7C-3E59023556B1}.Debug|x86.Build.0 = Debug|Any CPU
		{9DA6D36F-2B8D-43F8-8B7C-3E59023556B1}.Release|Any CPU.ActiveCfg = Release|Any CPU
		{9DA6D36F-2B8D-43F8-8B7C-3E59023556B1}.Release|Any CPU.Build.0 = Release|Any CPU
		{9DA6D36F-2B8D-43F8-8B7C-3E59023556B1}.Release|x64.ActiveCfg = Release|Any CPU
		{9DA6D36F-2B8D-43F8-8B7C-3E59023556B1}.Release|x64.Build.0 = Release|Any CPU
		{9DA6D36F-2B8D-43F8-8B7C-3E59023556B1}.Release|x86.ActiveCfg = Release|Any CPU
		{9DA6D36F-2B8D-43F8-8B7C-3E59023556B1}.Release|x86.Build.0 = Release|Any CPU
		{ABB60AE5-76D5-4B3B-B9B0-97AAAEEEB2B5}.Debug|Any CPU.ActiveCfg = Debug|Any CPU
		{ABB60AE5-76D5-4B3B-B9B0-97AAAEEEB2B5}.Debug|Any CPU.Build.0 = Debug|Any CPU
		{ABB60AE5-76D5-4B3B-B9B0-97AAAEEEB2B5}.Debug|x64.ActiveCfg = Debug|Any CPU
		{ABB60AE5-76D5-4B3B-B9B0-97AAAEEEB2B5}.Debug|x64.Build.0 = Debug|Any CPU
		{ABB60AE5-76D5-4B3B-B9B0-97AAAEEEB2B5}.Debug|x86.ActiveCfg = Debug|Any CPU
		{ABB60AE5-76D5-4B3B-B9B0-97AAAEEEB2B5}.Debug|x86.Build.0 = Debug|Any CPU
		{ABB60AE5-76D5-4B3B-B9B0-97AAAEEEB2B5}.Release|Any CPU.ActiveCfg = Release|Any CPU
		{ABB60AE5-76D5-4B3B-B9B0-97AAAEEEB2B5}.Release|Any CPU.Build.0 = Release|Any CPU
		{ABB60AE5-76D5-4B3B-B9B0-97AAAEEEB2B5}.Release|x64.ActiveCfg = Release|Any CPU
		{ABB60AE5-76D5-4B3B-B9B0-97AAAEEEB2B5}.Release|x64.Build.0 = Release|Any CPU
		{ABB60AE5-76D5-4B3B-B9B0-97AAAEEEB2B5}.Release|x86.ActiveCfg = Release|Any CPU
		{ABB60AE5-76D5-4B3B-B9B0-97AAAEEEB2B5}.Release|x86.Build.0 = Release|Any CPU
		{B81EE1F8-16DE-4D6F-93F4-7EDCA42534D5}.Debug|Any CPU.ActiveCfg = Debug|Any CPU
		{B81EE1F8-16DE-4D6F-93F4-7EDCA42534D5}.Debug|Any CPU.Build.0 = Debug|Any CPU
		{B81EE1F8-16DE-4D6F-93F4-7EDCA42534D5}.Debug|x64.ActiveCfg = Debug|Any CPU
		{B81EE1F8-16DE-4D6F-93F4-7EDCA42534D5}.Debug|x64.Build.0 = Debug|Any CPU
		{B81EE1F8-16DE-4D6F-93F4-7EDCA42534D5}.Debug|x86.ActiveCfg = Debug|Any CPU
		{B81EE1F8-16DE-4D6F-93F4-7EDCA42534D5}.Debug|x86.Build.0 = Debug|Any CPU
		{B81EE1F8-16DE-4D6F-93F4-7EDCA42534D5}.Release|Any CPU.ActiveCfg = Release|Any CPU
		{B81EE1F8-16DE-4D6F-93F4-7EDCA42534D5}.Release|Any CPU.Build.0 = Release|Any CPU
		{B81EE1F8-16DE-4D6F-93F4-7EDCA42534D5}.Release|x64.ActiveCfg = Release|Any CPU
		{B81EE1F8-16DE-4D6F-93F4-7EDCA42534D5}.Release|x64.Build.0 = Release|Any CPU
		{B81EE1F8-16DE-4D6F-93F4-7EDCA42534D5}.Release|x86.ActiveCfg = Release|Any CPU
		{B81EE1F8-16DE-4D6F-93F4-7EDCA42534D5}.Release|x86.Build.0 = Release|Any CPU
		{AC2619C7-54AF-42F9-9850-D10F1BA33DAC}.Debug|Any CPU.ActiveCfg = Debug|Any CPU
		{AC2619C7-54AF-42F9-9850-D10F1BA33DAC}.Debug|Any CPU.Build.0 = Debug|Any CPU
		{AC2619C7-54AF-42F9-9850-D10F1BA33DAC}.Debug|x64.ActiveCfg = Debug|Any CPU
		{AC2619C7-54AF-42F9-9850-D10F1BA33DAC}.Debug|x64.Build.0 = Debug|Any CPU
		{AC2619C7-54AF-42F9-9850-D10F1BA33DAC}.Debug|x86.ActiveCfg = Debug|Any CPU
		{AC2619C7-54AF-42F9-9850-D10F1BA33DAC}.Debug|x86.Build.0 = Debug|Any CPU
		{AC2619C7-54AF-42F9-9850-D10F1BA33DAC}.Release|Any CPU.ActiveCfg = Release|Any CPU
		{AC2619C7-54AF-42F9-9850-D10F1BA33DAC}.Release|Any CPU.Build.0 = Release|Any CPU
		{AC2619C7-54AF-42F9-9850-D10F1BA33DAC}.Release|x64.ActiveCfg = Release|Any CPU
		{AC2619C7-54AF-42F9-9850-D10F1BA33DAC}.Release|x64.Build.0 = Release|Any CPU
		{AC2619C7-54AF-42F9-9850-D10F1BA33DAC}.Release|x86.ActiveCfg = Release|Any CPU
		{AC2619C7-54AF-42F9-9850-D10F1BA33DAC}.Release|x86.Build.0 = Release|Any CPU
		{60C86E69-A200-4513-994B-790E87C86293}.Debug|Any CPU.ActiveCfg = Debug|Any CPU
		{60C86E69-A200-4513-994B-790E87C86293}.Debug|Any CPU.Build.0 = Debug|Any CPU
		{60C86E69-A200-4513-994B-790E87C86293}.Debug|x64.ActiveCfg = Debug|Any CPU
		{60C86E69-A200-4513-994B-790E87C86293}.Debug|x64.Build.0 = Debug|Any CPU
		{60C86E69-A200-4513-994B-790E87C86293}.Debug|x86.ActiveCfg = Debug|Any CPU
		{60C86E69-A200-4513-994B-790E87C86293}.Debug|x86.Build.0 = Debug|Any CPU
		{60C86E69-A200-4513-994B-790E87C86293}.Release|Any CPU.ActiveCfg = Release|Any CPU
		{60C86E69-A200-4513-994B-790E87C86293}.Release|Any CPU.Build.0 = Release|Any CPU
		{60C86E69-A200-4513-994B-790E87C86293}.Release|x64.ActiveCfg = Release|Any CPU
		{60C86E69-A200-4513-994B-790E87C86293}.Release|x64.Build.0 = Release|Any CPU
		{60C86E69-A200-4513-994B-790E87C86293}.Release|x86.ActiveCfg = Release|Any CPU
		{60C86E69-A200-4513-994B-790E87C86293}.Release|x86.Build.0 = Release|Any CPU
		{03FFBD86-56E0-4EE0-AF68-2E5835E09C7D}.Debug|Any CPU.ActiveCfg = Debug|Any CPU
		{03FFBD86-56E0-4EE0-AF68-2E5835E09C7D}.Debug|Any CPU.Build.0 = Debug|Any CPU
		{03FFBD86-56E0-4EE0-AF68-2E5835E09C7D}.Debug|x64.ActiveCfg = Debug|Any CPU
		{03FFBD86-56E0-4EE0-AF68-2E5835E09C7D}.Debug|x64.Build.0 = Debug|Any CPU
		{03FFBD86-56E0-4EE0-AF68-2E5835E09C7D}.Debug|x86.ActiveCfg = Debug|Any CPU
		{03FFBD86-56E0-4EE0-AF68-2E5835E09C7D}.Debug|x86.Build.0 = Debug|Any CPU
		{03FFBD86-56E0-4EE0-AF68-2E5835E09C7D}.Release|Any CPU.ActiveCfg = Release|Any CPU
		{03FFBD86-56E0-4EE0-AF68-2E5835E09C7D}.Release|Any CPU.Build.0 = Release|Any CPU
		{03FFBD86-56E0-4EE0-AF68-2E5835E09C7D}.Release|x64.ActiveCfg = Release|Any CPU
		{03FFBD86-56E0-4EE0-AF68-2E5835E09C7D}.Release|x64.Build.0 = Release|Any CPU
		{03FFBD86-56E0-4EE0-AF68-2E5835E09C7D}.Release|x86.ActiveCfg = Release|Any CPU
		{03FFBD86-56E0-4EE0-AF68-2E5835E09C7D}.Release|x86.Build.0 = Release|Any CPU
		{A2ECB74F-92A7-4FF9-99EC-9F944A1C9972}.Debug|Any CPU.ActiveCfg = Debug|Any CPU
		{A2ECB74F-92A7-4FF9-99EC-9F944A1C9972}.Debug|Any CPU.Build.0 = Debug|Any CPU
		{A2ECB74F-92A7-4FF9-99EC-9F944A1C9972}.Debug|x64.ActiveCfg = Debug|Any CPU
		{A2ECB74F-92A7-4FF9-99EC-9F944A1C9972}.Debug|x64.Build.0 = Debug|Any CPU
		{A2ECB74F-92A7-4FF9-99EC-9F944A1C9972}.Debug|x86.ActiveCfg = Debug|Any CPU
		{A2ECB74F-92A7-4FF9-99EC-9F944A1C9972}.Debug|x86.Build.0 = Debug|Any CPU
		{A2ECB74F-92A7-4FF9-99EC-9F944A1C9972}.Release|Any CPU.ActiveCfg = Release|Any CPU
		{A2ECB74F-92A7-4FF9-99EC-9F944A1C9972}.Release|Any CPU.Build.0 = Release|Any CPU
		{A2ECB74F-92A7-4FF9-99EC-9F944A1C9972}.Release|x64.ActiveCfg = Release|Any CPU
		{A2ECB74F-92A7-4FF9-99EC-9F944A1C9972}.Release|x64.Build.0 = Release|Any CPU
		{A2ECB74F-92A7-4FF9-99EC-9F944A1C9972}.Release|x86.ActiveCfg = Release|Any CPU
		{A2ECB74F-92A7-4FF9-99EC-9F944A1C9972}.Release|x86.Build.0 = Release|Any CPU
		{940B6B00-6454-48EB-B116-C43BE8913762}.Debug|Any CPU.ActiveCfg = Debug|Any CPU
		{940B6B00-6454-48EB-B116-C43BE8913762}.Debug|Any CPU.Build.0 = Debug|Any CPU
		{940B6B00-6454-48EB-B116-C43BE8913762}.Debug|x64.ActiveCfg = Debug|Any CPU
		{940B6B00-6454-48EB-B116-C43BE8913762}.Debug|x64.Build.0 = Debug|Any CPU
		{940B6B00-6454-48EB-B116-C43BE8913762}.Debug|x86.ActiveCfg = Debug|Any CPU
		{940B6B00-6454-48EB-B116-C43BE8913762}.Debug|x86.Build.0 = Debug|Any CPU
		{940B6B00-6454-48EB-B116-C43BE8913762}.Release|Any CPU.ActiveCfg = Release|Any CPU
		{940B6B00-6454-48EB-B116-C43BE8913762}.Release|Any CPU.Build.0 = Release|Any CPU
		{940B6B00-6454-48EB-B116-C43BE8913762}.Release|x64.ActiveCfg = Release|Any CPU
		{940B6B00-6454-48EB-B116-C43BE8913762}.Release|x64.Build.0 = Release|Any CPU
		{940B6B00-6454-48EB-B116-C43BE8913762}.Release|x86.ActiveCfg = Release|Any CPU
		{940B6B00-6454-48EB-B116-C43BE8913762}.Release|x86.Build.0 = Release|Any CPU
		{2DAB1AF9-066B-4C10-BA19-4B8046BE92EF}.Debug|Any CPU.ActiveCfg = Debug|Any CPU
		{2DAB1AF9-066B-4C10-BA19-4B8046BE92EF}.Debug|Any CPU.Build.0 = Debug|Any CPU
		{2DAB1AF9-066B-4C10-BA19-4B8046BE92EF}.Debug|x64.ActiveCfg = Debug|Any CPU
		{2DAB1AF9-066B-4C10-BA19-4B8046BE92EF}.Debug|x64.Build.0 = Debug|Any CPU
		{2DAB1AF9-066B-4C10-BA19-4B8046BE92EF}.Debug|x86.ActiveCfg = Debug|Any CPU
		{2DAB1AF9-066B-4C10-BA19-4B8046BE92EF}.Debug|x86.Build.0 = Debug|Any CPU
		{2DAB1AF9-066B-4C10-BA19-4B8046BE92EF}.Release|Any CPU.ActiveCfg = Release|Any CPU
		{2DAB1AF9-066B-4C10-BA19-4B8046BE92EF}.Release|Any CPU.Build.0 = Release|Any CPU
		{2DAB1AF9-066B-4C10-BA19-4B8046BE92EF}.Release|x64.ActiveCfg = Release|Any CPU
		{2DAB1AF9-066B-4C10-BA19-4B8046BE92EF}.Release|x64.Build.0 = Release|Any CPU
		{2DAB1AF9-066B-4C10-BA19-4B8046BE92EF}.Release|x86.ActiveCfg = Release|Any CPU
		{2DAB1AF9-066B-4C10-BA19-4B8046BE92EF}.Release|x86.Build.0 = Release|Any CPU
	EndGlobalSection
	GlobalSection(SolutionProperties) = preSolution
		HideSolutionNode = FALSE
	EndGlobalSection
	GlobalSection(ExtensibilityGlobals) = postSolution
		SolutionGuid = {942B82FA-55E3-498A-B515-5999B5FE0A36}
	EndGlobalSection
EndGlobal
